// !$*UTF8*$!
{
	archiveVersion = 1;
	classes = {
	};
	objectVersion = 48;
	objects = {

/* Begin PBXBuildFile section */
		08541B9F221FE92300786A1B /* AppDelegate.swift in Sources */ = {isa = PBXBuildFile; fileRef = 08541B9E221FE92300786A1B /* AppDelegate.swift */; };
		08541BA1221FE92300786A1B /* ListViewController.swift in Sources */ = {isa = PBXBuildFile; fileRef = 08541BA0221FE92300786A1B /* ListViewController.swift */; };
		08541BA4221FE92300786A1B /* Main.storyboard in Resources */ = {isa = PBXBuildFile; fileRef = 08541BA2221FE92300786A1B /* Main.storyboard */; };
		08541BA7221FE92300786A1B /* LibraryApp_coredata.xcdatamodeld in Sources */ = {isa = PBXBuildFile; fileRef = 08541BA5221FE92300786A1B /* LibraryApp_coredata.xcdatamodeld */; };
		08541BA9221FE92400786A1B /* Assets.xcassets in Resources */ = {isa = PBXBuildFile; fileRef = 08541BA8221FE92400786A1B /* Assets.xcassets */; };
		08541BAC221FE92400786A1B /* LaunchScreen.storyboard in Resources */ = {isa = PBXBuildFile; fileRef = 08541BAA221FE92400786A1B /* LaunchScreen.storyboard */; };
		08541BB7221FE92400786A1B /* LibraryApp_coredataTests.swift in Sources */ = {isa = PBXBuildFile; fileRef = 08541BB6221FE92400786A1B /* LibraryApp_coredataTests.swift */; };
		08541BC2221FE92400786A1B /* LibraryApp_coredataUITests.swift in Sources */ = {isa = PBXBuildFile; fileRef = 08541BC1221FE92400786A1B /* LibraryApp_coredataUITests.swift */; };
		08541BD3221FEA6E00786A1B /* Item.swift in Sources */ = {isa = PBXBuildFile; fileRef = 08541BD2221FEA6E00786A1B /* Item.swift */; };
		08541BD5221FEA8500786A1B /* CoreDataManager.swift in Sources */ = {isa = PBXBuildFile; fileRef = 08541BD4221FEA8500786A1B /* CoreDataManager.swift */; };
		0873115C223FA26200E27338 /* CellView.swift in Sources */ = {isa = PBXBuildFile; fileRef = 0873115B223FA26200E27338 /* CellView.swift */; };
		0873115E223FB65200E27338 /* FBaseDataManager.swift in Sources */ = {isa = PBXBuildFile; fileRef = 0873115D223FB65200E27338 /* FBaseDataManager.swift */; };
		245268D7226B6E0300260E85 /* ItemDetailViewController.swift in Sources */ = {isa = PBXBuildFile; fileRef = 245268D6226B6E0300260E85 /* ItemDetailViewController.swift */; };
		245268D9226B77B400260E85 /* CategoriesViewController.swift in Sources */ = {isa = PBXBuildFile; fileRef = 245268D8226B77B400260E85 /* CategoriesViewController.swift */; };
		245268DB226B7E9D00260E85 /* ItemsViewController.swift in Sources */ = {isa = PBXBuildFile; fileRef = 245268DA226B7E9D00260E85 /* ItemsViewController.swift */; };
		245268DE226BB27500260E85 /* SegueHandlerType.swift in Sources */ = {isa = PBXBuildFile; fileRef = 245268DD226BB27500260E85 /* SegueHandlerType.swift */; };
		245CFD5E225D7D1500053549 /* HeaderCell.swift in Sources */ = {isa = PBXBuildFile; fileRef = 245CFD5D225D7D1500053549 /* HeaderCell.swift */; };
/* End PBXBuildFile section */

/* Begin PBXContainerItemProxy section */
		08541BB3221FE92400786A1B /* PBXContainerItemProxy */ = {
			isa = PBXContainerItemProxy;
			containerPortal = 08541B93221FE92300786A1B /* Project object */;
			proxyType = 1;
			remoteGlobalIDString = 08541B9A221FE92300786A1B;
			remoteInfo = LibraryApp_coredata;
		};
		08541BBE221FE92400786A1B /* PBXContainerItemProxy */ = {
			isa = PBXContainerItemProxy;
			containerPortal = 08541B93221FE92300786A1B /* Project object */;
			proxyType = 1;
			remoteGlobalIDString = 08541B9A221FE92300786A1B;
			remoteInfo = LibraryApp_coredata;
		};
/* End PBXContainerItemProxy section */

/* Begin PBXFileReference section */
		08541B9B221FE92300786A1B /* LibraryApp_coredata.app */ = {isa = PBXFileReference; explicitFileType = wrapper.application; includeInIndex = 0; path = LibraryApp_coredata.app; sourceTree = BUILT_PRODUCTS_DIR; };
		08541B9E221FE92300786A1B /* AppDelegate.swift */ = {isa = PBXFileReference; lastKnownFileType = sourcecode.swift; path = AppDelegate.swift; sourceTree = "<group>"; };
		08541BA0221FE92300786A1B /* ListViewController.swift */ = {isa = PBXFileReference; lastKnownFileType = sourcecode.swift; path = ListViewController.swift; sourceTree = "<group>"; };
		08541BA3221FE92300786A1B /* Base */ = {isa = PBXFileReference; lastKnownFileType = file.storyboard; name = Base; path = Base.lproj/Main.storyboard; sourceTree = "<group>"; };
		08541BA6221FE92300786A1B /* LibraryApp_coredata.xcdatamodel */ = {isa = PBXFileReference; lastKnownFileType = wrapper.xcdatamodel; path = LibraryApp_coredata.xcdatamodel; sourceTree = "<group>"; };
		08541BA8221FE92400786A1B /* Assets.xcassets */ = {isa = PBXFileReference; lastKnownFileType = folder.assetcatalog; path = Assets.xcassets; sourceTree = "<group>"; };
		08541BAB221FE92400786A1B /* Base */ = {isa = PBXFileReference; lastKnownFileType = file.storyboard; name = Base; path = Base.lproj/LaunchScreen.storyboard; sourceTree = "<group>"; };
		08541BAD221FE92400786A1B /* Info.plist */ = {isa = PBXFileReference; lastKnownFileType = text.plist.xml; path = Info.plist; sourceTree = "<group>"; };
		08541BB2221FE92400786A1B /* LibraryApp_coredataTests.xctest */ = {isa = PBXFileReference; explicitFileType = wrapper.cfbundle; includeInIndex = 0; path = LibraryApp_coredataTests.xctest; sourceTree = BUILT_PRODUCTS_DIR; };
		08541BB6221FE92400786A1B /* LibraryApp_coredataTests.swift */ = {isa = PBXFileReference; lastKnownFileType = sourcecode.swift; path = LibraryApp_coredataTests.swift; sourceTree = "<group>"; };
		08541BB8221FE92400786A1B /* Info.plist */ = {isa = PBXFileReference; lastKnownFileType = text.plist.xml; path = Info.plist; sourceTree = "<group>"; };
		08541BBD221FE92400786A1B /* LibraryApp_coredataUITests.xctest */ = {isa = PBXFileReference; explicitFileType = wrapper.cfbundle; includeInIndex = 0; path = LibraryApp_coredataUITests.xctest; sourceTree = BUILT_PRODUCTS_DIR; };
		08541BC1221FE92400786A1B /* LibraryApp_coredataUITests.swift */ = {isa = PBXFileReference; lastKnownFileType = sourcecode.swift; path = LibraryApp_coredataUITests.swift; sourceTree = "<group>"; };
		08541BC3221FE92400786A1B /* Info.plist */ = {isa = PBXFileReference; lastKnownFileType = text.plist.xml; path = Info.plist; sourceTree = "<group>"; };
		08541BD2221FEA6E00786A1B /* Item.swift */ = {isa = PBXFileReference; lastKnownFileType = sourcecode.swift; path = Item.swift; sourceTree = "<group>"; };
		08541BD4221FEA8500786A1B /* CoreDataManager.swift */ = {isa = PBXFileReference; lastKnownFileType = sourcecode.swift; path = CoreDataManager.swift; sourceTree = "<group>"; };
		0873115B223FA26200E27338 /* CellView.swift */ = {isa = PBXFileReference; lastKnownFileType = sourcecode.swift; path = CellView.swift; sourceTree = "<group>"; };
		0873115D223FB65200E27338 /* FBaseDataManager.swift */ = {isa = PBXFileReference; lastKnownFileType = sourcecode.swift; path = FBaseDataManager.swift; sourceTree = "<group>"; };
		245268D6226B6E0300260E85 /* ItemDetailViewController.swift */ = {isa = PBXFileReference; fileEncoding = 4; lastKnownFileType = sourcecode.swift; path = ItemDetailViewController.swift; sourceTree = "<group>"; };
		245268D8226B77B400260E85 /* CategoriesViewController.swift */ = {isa = PBXFileReference; lastKnownFileType = sourcecode.swift; path = CategoriesViewController.swift; sourceTree = "<group>"; };
		245268DA226B7E9D00260E85 /* ItemsViewController.swift */ = {isa = PBXFileReference; lastKnownFileType = sourcecode.swift; path = ItemsViewController.swift; sourceTree = "<group>"; };
		245268DC226B803D00260E85 /* LibraryApp_coredata.app */ = {isa = PBXFileReference; lastKnownFileType = wrapper.application; path = LibraryApp_coredata.app; sourceTree = "<group>"; };
		245268DD226BB27500260E85 /* SegueHandlerType.swift */ = {isa = PBXFileReference; fileEncoding = 4; lastKnownFileType = sourcecode.swift; path = SegueHandlerType.swift; sourceTree = "<group>"; };
		245CFD5D225D7D1500053549 /* HeaderCell.swift */ = {isa = PBXFileReference; lastKnownFileType = sourcecode.swift; path = HeaderCell.swift; sourceTree = "<group>"; };
/* End PBXFileReference section */

/* Begin PBXFrameworksBuildPhase section */
		08541B98221FE92300786A1B /* Frameworks */ = {
			isa = PBXFrameworksBuildPhase;
			buildActionMask = 2147483647;
			files = (
			);
			runOnlyForDeploymentPostprocessing = 0;
		};
		08541BAF221FE92400786A1B /* Frameworks */ = {
			isa = PBXFrameworksBuildPhase;
			buildActionMask = 2147483647;
			files = (
			);
			runOnlyForDeploymentPostprocessing = 0;
		};
		08541BBA221FE92400786A1B /* Frameworks */ = {
			isa = PBXFrameworksBuildPhase;
			buildActionMask = 2147483647;
			files = (
			);
			runOnlyForDeploymentPostprocessing = 0;
		};
/* End PBXFrameworksBuildPhase section */

/* Begin PBXGroup section */
		08541B92221FE92300786A1B = {
			isa = PBXGroup;
			children = (
				08541B9C221FE92300786A1B /* Products */,
				245268DC226B803D00260E85 /* LibraryApp_coredata.app */,
				08541B9D221FE92300786A1B /* LibraryApp_coredata */,
				08541BB5221FE92400786A1B /* LibraryApp_coredataTests */,
				08541BC0221FE92400786A1B /* LibraryApp_coredataUITests */,
			);
			sourceTree = "<group>";
		};
		08541B9C221FE92300786A1B /* Products */ = {
			isa = PBXGroup;
			children = (
				08541B9B221FE92300786A1B /* LibraryApp_coredata.app */,
				08541BB2221FE92400786A1B /* LibraryApp_coredataTests.xctest */,
				08541BBD221FE92400786A1B /* LibraryApp_coredataUITests.xctest */,
			);
			name = Products;
			sourceTree = "<group>";
		};
		08541B9D221FE92300786A1B /* LibraryApp_coredata */ = {
			isa = PBXGroup;
			children = (
				08541BCF221FEA1F00786A1B /* Controller */,
				0873115A223FA21B00E27338 /* View */,
				08541BD7221FEC5A00786A1B /* Supporting files */,
				08541BD1221FEA4500786A1B /* Model */,
				08541B9E221FE92300786A1B /* AppDelegate.swift */,
				08541BA2221FE92300786A1B /* Main.storyboard */,
				08541BAA221FE92400786A1B /* LaunchScreen.storyboard */,
				08541BAD221FE92400786A1B /* Info.plist */,
				08541BA5221FE92300786A1B /* LibraryApp_coredata.xcdatamodeld */,
			);
			path = LibraryApp_coredata;
			sourceTree = "<group>";
		};
		08541BB5221FE92400786A1B /* LibraryApp_coredataTests */ = {
			isa = PBXGroup;
			children = (
				08541BB6221FE92400786A1B /* LibraryApp_coredataTests.swift */,
				08541BB8221FE92400786A1B /* Info.plist */,
			);
			path = LibraryApp_coredataTests;
			sourceTree = "<group>";
		};
		08541BC0221FE92400786A1B /* LibraryApp_coredataUITests */ = {
			isa = PBXGroup;
			children = (
				08541BC1221FE92400786A1B /* LibraryApp_coredataUITests.swift */,
				08541BC3221FE92400786A1B /* Info.plist */,
			);
			path = LibraryApp_coredataUITests;
			sourceTree = "<group>";
		};
		08541BCF221FEA1F00786A1B /* Controller */ = {
			isa = PBXGroup;
			children = (
				245268D6226B6E0300260E85 /* ItemDetailViewController.swift */,
				08541BA0221FE92300786A1B /* ListViewController.swift */,
				245268D8226B77B400260E85 /* CategoriesViewController.swift */,
				245268DA226B7E9D00260E85 /* ItemsViewController.swift */,
			);
			path = Controller;
			sourceTree = "<group>";
		};
		08541BD1221FEA4500786A1B /* Model */ = {
			isa = PBXGroup;
			children = (
				08541BD2221FEA6E00786A1B /* Item.swift */,
				08541BD4221FEA8500786A1B /* CoreDataManager.swift */,
				0873115D223FB65200E27338 /* FBaseDataManager.swift */,
			);
			path = Model;
			sourceTree = "<group>";
		};
		08541BD7221FEC5A00786A1B /* Supporting files */ = {
			isa = PBXGroup;
			children = (
				08541BA8221FE92400786A1B /* Assets.xcassets */,
			);
			path = "Supporting files";
			sourceTree = "<group>";
		};
		0873115A223FA21B00E27338 /* View */ = {
			isa = PBXGroup;
			children = (
				245268DD226BB27500260E85 /* SegueHandlerType.swift */,
				0873115B223FA26200E27338 /* CellView.swift */,
				245CFD5D225D7D1500053549 /* HeaderCell.swift */,
			);
			path = View;
			sourceTree = "<group>";
		};
/* End PBXGroup section */

/* Begin PBXNativeTarget section */
		08541B9A221FE92300786A1B /* LibraryApp_coredata */ = {
			isa = PBXNativeTarget;
			buildConfigurationList = 08541BC6221FE92400786A1B /* Build configuration list for PBXNativeTarget "LibraryApp_coredata" */;
			buildPhases = (
				08541B97221FE92300786A1B /* Sources */,
				08541B98221FE92300786A1B /* Frameworks */,
				08541B99221FE92300786A1B /* Resources */,
			);
			buildRules = (
			);
			dependencies = (
			);
			name = LibraryApp_coredata;
			productName = LibraryApp_coredata;
			productReference = 08541B9B221FE92300786A1B /* LibraryApp_coredata.app */;
			productType = "com.apple.product-type.application";
		};
		08541BB1221FE92400786A1B /* LibraryApp_coredataTests */ = {
			isa = PBXNativeTarget;
			buildConfigurationList = 08541BC9221FE92400786A1B /* Build configuration list for PBXNativeTarget "LibraryApp_coredataTests" */;
			buildPhases = (
				08541BAE221FE92400786A1B /* Sources */,
				08541BAF221FE92400786A1B /* Frameworks */,
				08541BB0221FE92400786A1B /* Resources */,
			);
			buildRules = (
			);
			dependencies = (
				08541BB4221FE92400786A1B /* PBXTargetDependency */,
			);
			name = LibraryApp_coredataTests;
			productName = LibraryApp_coredataTests;
			productReference = 08541BB2221FE92400786A1B /* LibraryApp_coredataTests.xctest */;
			productType = "com.apple.product-type.bundle.unit-test";
		};
		08541BBC221FE92400786A1B /* LibraryApp_coredataUITests */ = {
			isa = PBXNativeTarget;
			buildConfigurationList = 08541BCC221FE92400786A1B /* Build configuration list for PBXNativeTarget "LibraryApp_coredataUITests" */;
			buildPhases = (
				08541BB9221FE92400786A1B /* Sources */,
				08541BBA221FE92400786A1B /* Frameworks */,
				08541BBB221FE92400786A1B /* Resources */,
			);
			buildRules = (
			);
			dependencies = (
				08541BBF221FE92400786A1B /* PBXTargetDependency */,
			);
			name = LibraryApp_coredataUITests;
			productName = LibraryApp_coredataUITests;
			productReference = 08541BBD221FE92400786A1B /* LibraryApp_coredataUITests.xctest */;
			productType = "com.apple.product-type.bundle.ui-testing";
		};
/* End PBXNativeTarget section */

/* Begin PBXProject section */
		08541B93221FE92300786A1B /* Project object */ = {
			isa = PBXProject;
			attributes = {
				LastSwiftUpdateCheck = 1000;
				LastUpgradeCheck = 1000;
				ORGANIZATIONNAME = lpiem;
				TargetAttributes = {
					08541B9A221FE92300786A1B = {
						CreatedOnToolsVersion = 10.0;
						ProvisioningStyle = Automatic;
					};
					08541BB1221FE92400786A1B = {
						CreatedOnToolsVersion = 10.0;
						ProvisioningStyle = Automatic;
						TestTargetID = 08541B9A221FE92300786A1B;
					};
					08541BBC221FE92400786A1B = {
						CreatedOnToolsVersion = 10.0;
						ProvisioningStyle = Automatic;
						TestTargetID = 08541B9A221FE92300786A1B;
					};
				};
			};
			buildConfigurationList = 08541B96221FE92300786A1B /* Build configuration list for PBXProject "LibraryApp_coredata" */;
			compatibilityVersion = "Xcode 8.0";
			developmentRegion = en;
			hasScannedForEncodings = 0;
			knownRegions = (
				en,
				Base,
			);
			mainGroup = 08541B92221FE92300786A1B;
			productRefGroup = 08541B9C221FE92300786A1B /* Products */;
			projectDirPath = "";
			projectRoot = "";
			targets = (
				08541B9A221FE92300786A1B /* LibraryApp_coredata */,
				08541BB1221FE92400786A1B /* LibraryApp_coredataTests */,
				08541BBC221FE92400786A1B /* LibraryApp_coredataUITests */,
			);
		};
/* End PBXProject section */

/* Begin PBXResourcesBuildPhase section */
		08541B99221FE92300786A1B /* Resources */ = {
			isa = PBXResourcesBuildPhase;
			buildActionMask = 2147483647;
			files = (
				08541BAC221FE92400786A1B /* LaunchScreen.storyboard in Resources */,
				08541BA9221FE92400786A1B /* Assets.xcassets in Resources */,
				08541BA4221FE92300786A1B /* Main.storyboard in Resources */,
			);
			runOnlyForDeploymentPostprocessing = 0;
		};
		08541BB0221FE92400786A1B /* Resources */ = {
			isa = PBXResourcesBuildPhase;
			buildActionMask = 2147483647;
			files = (
			);
			runOnlyForDeploymentPostprocessing = 0;
		};
		08541BBB221FE92400786A1B /* Resources */ = {
			isa = PBXResourcesBuildPhase;
			buildActionMask = 2147483647;
			files = (
			);
			runOnlyForDeploymentPostprocessing = 0;
		};
/* End PBXResourcesBuildPhase section */

/* Begin PBXSourcesBuildPhase section */
		08541B97221FE92300786A1B /* Sources */ = {
			isa = PBXSourcesBuildPhase;
			buildActionMask = 2147483647;
			files = (
				0873115E223FB65200E27338 /* FBaseDataManager.swift in Sources */,
				0873115C223FA26200E27338 /* CellView.swift in Sources */,
				08541BD3221FEA6E00786A1B /* Item.swift in Sources */,
				08541BD5221FEA8500786A1B /* CoreDataManager.swift in Sources */,
				245268D9226B77B400260E85 /* CategoriesViewController.swift in Sources */,
				245CFD5E225D7D1500053549 /* HeaderCell.swift in Sources */,
				245268DB226B7E9D00260E85 /* ItemsViewController.swift in Sources */,
				245268D7226B6E0300260E85 /* ItemDetailViewController.swift in Sources */,
				08541BA1221FE92300786A1B /* ListViewController.swift in Sources */,
				08541BA7221FE92300786A1B /* LibraryApp_coredata.xcdatamodeld in Sources */,
				245268DE226BB27500260E85 /* SegueHandlerType.swift in Sources */,
				08541B9F221FE92300786A1B /* AppDelegate.swift in Sources */,
			);
			runOnlyForDeploymentPostprocessing = 0;
		};
		08541BAE221FE92400786A1B /* Sources */ = {
			isa = PBXSourcesBuildPhase;
			buildActionMask = 2147483647;
			files = (
				08541BB7221FE92400786A1B /* LibraryApp_coredataTests.swift in Sources */,
			);
			runOnlyForDeploymentPostprocessing = 0;
		};
		08541BB9221FE92400786A1B /* Sources */ = {
			isa = PBXSourcesBuildPhase;
			buildActionMask = 2147483647;
			files = (
				08541BC2221FE92400786A1B /* LibraryApp_coredataUITests.swift in Sources */,
			);
			runOnlyForDeploymentPostprocessing = 0;
		};
/* End PBXSourcesBuildPhase section */

/* Begin PBXTargetDependency section */
		08541BB4221FE92400786A1B /* PBXTargetDependency */ = {
			isa = PBXTargetDependency;
			target = 08541B9A221FE92300786A1B /* LibraryApp_coredata */;
			targetProxy = 08541BB3221FE92400786A1B /* PBXContainerItemProxy */;
		};
		08541BBF221FE92400786A1B /* PBXTargetDependency */ = {
			isa = PBXTargetDependency;
			target = 08541B9A221FE92300786A1B /* LibraryApp_coredata */;
			targetProxy = 08541BBE221FE92400786A1B /* PBXContainerItemProxy */;
		};
/* End PBXTargetDependency section */

/* Begin PBXVariantGroup section */
		08541BA2221FE92300786A1B /* Main.storyboard */ = {
			isa = PBXVariantGroup;
			children = (
				08541BA3221FE92300786A1B /* Base */,
			);
			name = Main.storyboard;
			sourceTree = "<group>";
		};
		08541BAA221FE92400786A1B /* LaunchScreen.storyboard */ = {
			isa = PBXVariantGroup;
			children = (
				08541BAB221FE92400786A1B /* Base */,
			);
			name = LaunchScreen.storyboard;
			sourceTree = "<group>";
		};
/* End PBXVariantGroup section */

/* Begin XCBuildConfiguration section */
		08541BC4221FE92400786A1B /* Debug */ = {
			isa = XCBuildConfiguration;
			buildSettings = {
				ALWAYS_SEARCH_USER_PATHS = NO;
				CLANG_ANALYZER_NONNULL = YES;
				CLANG_ANALYZER_NUMBER_OBJECT_CONVERSION = YES_AGGRESSIVE;
				CLANG_CXX_LANGUAGE_STANDARD = "gnu++14";
				CLANG_CXX_LIBRARY = "libc++";
				CLANG_ENABLE_MODULES = YES;
				CLANG_ENABLE_OBJC_ARC = YES;
				CLANG_ENABLE_OBJC_WEAK = YES;
				CLANG_WARN_BLOCK_CAPTURE_AUTORELEASING = YES;
				CLANG_WARN_BOOL_CONVERSION = YES;
				CLANG_WARN_COMMA = YES;
				CLANG_WARN_CONSTANT_CONVERSION = YES;
				CLANG_WARN_DEPRECATED_OBJC_IMPLEMENTATIONS = YES;
				CLANG_WARN_DIRECT_OBJC_ISA_USAGE = YES_ERROR;
				CLANG_WARN_DOCUMENTATION_COMMENTS = YES;
				CLANG_WARN_EMPTY_BODY = YES;
				CLANG_WARN_ENUM_CONVERSION = YES;
				CLANG_WARN_INFINITE_RECURSION = YES;
				CLANG_WARN_INT_CONVERSION = YES;
				CLANG_WARN_NON_LITERAL_NULL_CONVERSION = YES;
				CLANG_WARN_OBJC_IMPLICIT_RETAIN_SELF = YES;
				CLANG_WARN_OBJC_LITERAL_CONVERSION = YES;
				CLANG_WARN_OBJC_ROOT_CLASS = YES_ERROR;
				CLANG_WARN_RANGE_LOOP_ANALYSIS = YES;
				CLANG_WARN_STRICT_PROTOTYPES = YES;
				CLANG_WARN_SUSPICIOUS_MOVE = YES;
				CLANG_WARN_UNGUARDED_AVAILABILITY = YES_AGGRESSIVE;
				CLANG_WARN_UNREACHABLE_CODE = YES;
				CLANG_WARN__DUPLICATE_METHOD_MATCH = YES;
				CODE_SIGN_IDENTITY = "iPhone Developer";
				COPY_PHASE_STRIP = NO;
				DEBUG_INFORMATION_FORMAT = dwarf;
				ENABLE_STRICT_OBJC_MSGSEND = YES;
				ENABLE_TESTABILITY = YES;
				GCC_C_LANGUAGE_STANDARD = gnu11;
				GCC_DYNAMIC_NO_PIC = NO;
				GCC_NO_COMMON_BLOCKS = YES;
				GCC_OPTIMIZATION_LEVEL = 0;
				GCC_PREPROCESSOR_DEFINITIONS = (
					"DEBUG=1",
					"$(inherited)",
				);
				GCC_WARN_64_TO_32_BIT_CONVERSION = YES;
				GCC_WARN_ABOUT_RETURN_TYPE = YES_ERROR;
				GCC_WARN_UNDECLARED_SELECTOR = YES;
				GCC_WARN_UNINITIALIZED_AUTOS = YES_AGGRESSIVE;
				GCC_WARN_UNUSED_FUNCTION = YES;
				GCC_WARN_UNUSED_VARIABLE = YES;
				IPHONEOS_DEPLOYMENT_TARGET = 8.0;
				MTL_ENABLE_DEBUG_INFO = INCLUDE_SOURCE;
				MTL_FAST_MATH = YES;
				ONLY_ACTIVE_ARCH = YES;
				SDKROOT = iphoneos;
				SWIFT_ACTIVE_COMPILATION_CONDITIONS = DEBUG;
				SWIFT_OPTIMIZATION_LEVEL = "-Onone";
				SWIFT_VERSION = 5.0;
			};
			name = Debug;
		};
		08541BC5221FE92400786A1B /* Release */ = {
			isa = XCBuildConfiguration;
			buildSettings = {
				ALWAYS_SEARCH_USER_PATHS = NO;
				CLANG_ANALYZER_NONNULL = YES;
				CLANG_ANALYZER_NUMBER_OBJECT_CONVERSION = YES_AGGRESSIVE;
				CLANG_CXX_LANGUAGE_STANDARD = "gnu++14";
				CLANG_CXX_LIBRARY = "libc++";
				CLANG_ENABLE_MODULES = YES;
				CLANG_ENABLE_OBJC_ARC = YES;
				CLANG_ENABLE_OBJC_WEAK = YES;
				CLANG_WARN_BLOCK_CAPTURE_AUTORELEASING = YES;
				CLANG_WARN_BOOL_CONVERSION = YES;
				CLANG_WARN_COMMA = YES;
				CLANG_WARN_CONSTANT_CONVERSION = YES;
				CLANG_WARN_DEPRECATED_OBJC_IMPLEMENTATIONS = YES;
				CLANG_WARN_DIRECT_OBJC_ISA_USAGE = YES_ERROR;
				CLANG_WARN_DOCUMENTATION_COMMENTS = YES;
				CLANG_WARN_EMPTY_BODY = YES;
				CLANG_WARN_ENUM_CONVERSION = YES;
				CLANG_WARN_INFINITE_RECURSION = YES;
				CLANG_WARN_INT_CONVERSION = YES;
				CLANG_WARN_NON_LITERAL_NULL_CONVERSION = YES;
				CLANG_WARN_OBJC_IMPLICIT_RETAIN_SELF = YES;
				CLANG_WARN_OBJC_LITERAL_CONVERSION = YES;
				CLANG_WARN_OBJC_ROOT_CLASS = YES_ERROR;
				CLANG_WARN_RANGE_LOOP_ANALYSIS = YES;
				CLANG_WARN_STRICT_PROTOTYPES = YES;
				CLANG_WARN_SUSPICIOUS_MOVE = YES;
				CLANG_WARN_UNGUARDED_AVAILABILITY = YES_AGGRESSIVE;
				CLANG_WARN_UNREACHABLE_CODE = YES;
				CLANG_WARN__DUPLICATE_METHOD_MATCH = YES;
				CODE_SIGN_IDENTITY = "iPhone Developer";
				COPY_PHASE_STRIP = NO;
				DEBUG_INFORMATION_FORMAT = "dwarf-with-dsym";
				ENABLE_NS_ASSERTIONS = NO;
				ENABLE_STRICT_OBJC_MSGSEND = YES;
				GCC_C_LANGUAGE_STANDARD = gnu11;
				GCC_NO_COMMON_BLOCKS = YES;
				GCC_WARN_64_TO_32_BIT_CONVERSION = YES;
				GCC_WARN_ABOUT_RETURN_TYPE = YES_ERROR;
				GCC_WARN_UNDECLARED_SELECTOR = YES;
				GCC_WARN_UNINITIALIZED_AUTOS = YES_AGGRESSIVE;
				GCC_WARN_UNUSED_FUNCTION = YES;
				GCC_WARN_UNUSED_VARIABLE = YES;
				IPHONEOS_DEPLOYMENT_TARGET = 8.0;
				MTL_ENABLE_DEBUG_INFO = NO;
				MTL_FAST_MATH = YES;
				SDKROOT = iphoneos;
				SWIFT_OPTIMIZATION_LEVEL = "-Owholemodule";
				SWIFT_VERSION = 5.0;
				VALIDATE_PRODUCT = YES;
			};
			name = Release;
		};
		08541BC7221FE92400786A1B /* Debug */ = {
			isa = XCBuildConfiguration;
			buildSettings = {
				ASSETCATALOG_COMPILER_APPICON_NAME = AppIcon;
				CODE_SIGN_STYLE = Automatic;
				DEVELOPMENT_TEAM = T4CLTWL9DU;
				INFOPLIST_FILE = LibraryApp_coredata/Info.plist;
				IPHONEOS_DEPLOYMENT_TARGET = 11.2;
				LD_RUNPATH_SEARCH_PATHS = "$(inherited) @executable_path/Frameworks";
				PRODUCT_BUNDLE_IDENTIFIER = eb;
				PRODUCT_NAME = "$(TARGET_NAME)";
				SWIFT_VERSION = 4.2;
				TARGETED_DEVICE_FAMILY = "1,2";
			};
			name = Debug;
		};
		08541BC8221FE92400786A1B /* Release */ = {
			isa = XCBuildConfiguration;
			buildSettings = {
				ASSETCATALOG_COMPILER_APPICON_NAME = AppIcon;
				CODE_SIGN_STYLE = Automatic;
				DEVELOPMENT_TEAM = T4CLTWL9DU;
				INFOPLIST_FILE = LibraryApp_coredata/Info.plist;
				IPHONEOS_DEPLOYMENT_TARGET = 11.2;
				LD_RUNPATH_SEARCH_PATHS = "$(inherited) @executable_path/Frameworks";
				PRODUCT_BUNDLE_IDENTIFIER = eb;
				PRODUCT_NAME = "$(TARGET_NAME)";
				SWIFT_VERSION = 4.2;
				TARGETED_DEVICE_FAMILY = "1,2";
			};
			name = Release;
		};
		08541BCA221FE92400786A1B /* Debug */ = {
			isa = XCBuildConfiguration;
			buildSettings = {
				ALWAYS_EMBED_SWIFT_STANDARD_LIBRARIES = YES;
				BUNDLE_LOADER = "$(TEST_HOST)";
				CODE_SIGN_STYLE = Automatic;
				INFOPLIST_FILE = LibraryApp_coredataTests/Info.plist;
				IPHONEOS_DEPLOYMENT_TARGET = 11.2;
				LD_RUNPATH_SEARCH_PATHS = "$(inherited) @executable_path/Frameworks @loader_path/Frameworks";
				PRODUCT_BUNDLE_IDENTIFIER = "fr.lp.iem.LibraryApp-coredataTests";
				PRODUCT_NAME = "$(TARGET_NAME)";
				SWIFT_VERSION = 4.2;
				TARGETED_DEVICE_FAMILY = "1,2";
				TEST_HOST = "$(BUILT_PRODUCTS_DIR)/LibraryApp_coredata.app/LibraryApp_coredata";
			};
			name = Debug;
		};
		08541BCB221FE92400786A1B /* Release */ = {
			isa = XCBuildConfiguration;
			buildSettings = {
				ALWAYS_EMBED_SWIFT_STANDARD_LIBRARIES = YES;
				BUNDLE_LOADER = "$(TEST_HOST)";
				CODE_SIGN_STYLE = Automatic;
				INFOPLIST_FILE = LibraryApp_coredataTests/Info.plist;
				IPHONEOS_DEPLOYMENT_TARGET = 11.2;
				LD_RUNPATH_SEARCH_PATHS = "$(inherited) @executable_path/Frameworks @loader_path/Frameworks";
				PRODUCT_BUNDLE_IDENTIFIER = "fr.lp.iem.LibraryApp-coredataTests";
				PRODUCT_NAME = "$(TARGET_NAME)";
				SWIFT_VERSION = 4.2;
				TARGETED_DEVICE_FAMILY = "1,2";
				TEST_HOST = "$(BUILT_PRODUCTS_DIR)/LibraryApp_coredata.app/LibraryApp_coredata";
			};
			name = Release;
		};
		08541BCD221FE92400786A1B /* Debug */ = {
			isa = XCBuildConfiguration;
			buildSettings = {
				ALWAYS_EMBED_SWIFT_STANDARD_LIBRARIES = YES;
				CODE_SIGN_STYLE = Automatic;
				INFOPLIST_FILE = LibraryApp_coredataUITests/Info.plist;
				IPHONEOS_DEPLOYMENT_TARGET = 11.2;
				LD_RUNPATH_SEARCH_PATHS = "$(inherited) @executable_path/Frameworks @loader_path/Frameworks";
				PRODUCT_BUNDLE_IDENTIFIER = "fr.lp.iem.LibraryApp-coredataUITests";
				PRODUCT_NAME = "$(TARGET_NAME)";
				SWIFT_VERSION = 4.2;
				TARGETED_DEVICE_FAMILY = "1,2";
				TEST_TARGET_NAME = LibraryApp_coredata;
			};
			name = Debug;
		};
		08541BCE221FE92400786A1B /* Release */ = {
			isa = XCBuildConfiguration;
			buildSettings = {
				ALWAYS_EMBED_SWIFT_STANDARD_LIBRARIES = YES;
				CODE_SIGN_STYLE = Automatic;
				INFOPLIST_FILE = LibraryApp_coredataUITests/Info.plist;
				IPHONEOS_DEPLOYMENT_TARGET = 11.2;
				LD_RUNPATH_SEARCH_PATHS = "$(inherited) @executable_path/Frameworks @loader_path/Frameworks";
				PRODUCT_BUNDLE_IDENTIFIER = "fr.lp.iem.LibraryApp-coredataUITests";
				PRODUCT_NAME = "$(TARGET_NAME)";
				SWIFT_VERSION = 4.2;
				TARGETED_DEVICE_FAMILY = "1,2";
				TEST_TARGET_NAME = LibraryApp_coredata;
			};
			name = Release;
		};
/* End XCBuildConfiguration section */

/* Begin XCConfigurationList section */
		08541B96221FE92300786A1B /* Build configuration list for PBXProject "LibraryApp_coredata" */ = {
			isa = XCConfigurationList;
			buildConfigurations = (
				08541BC4221FE92400786A1B /* Debug */,
				08541BC5221FE92400786A1B /* Release */,
			);
			defaultConfigurationIsVisible = 0;
			defaultConfigurationName = Release;
		};
		08541BC6221FE92400786A1B /* Build configuration list for PBXNativeTarget "LibraryApp_coredata" */ = {
			isa = XCConfigurationList;
			buildConfigurations = (
				08541BC7221FE92400786A1B /* Debug */,
				08541BC8221FE92400786A1B /* Release */,
			);
			defaultConfigurationIsVisible = 0;
			defaultConfigurationName = Release;
		};
		08541BC9221FE92400786A1B /* Build configuration list for PBXNativeTarget "LibraryApp_coredataTests" */ = {
			isa = XCConfigurationList;
			buildConfigurations = (
				08541BCA221FE92400786A1B /* Debug */,
				08541BCB221FE92400786A1B /* Release */,
			);
			defaultConfigurationIsVisible = 0;
			defaultConfigurationName = Release;
		};
		08541BCC221FE92400786A1B /* Build configuration list for PBXNativeTarget "LibraryApp_coredataUITests" */ = {
			isa = XCConfigurationList;
			buildConfigurations = (
				08541BCD221FE92400786A1B /* Debug */,
				08541BCE221FE92400786A1B /* Release */,
			);
			defaultConfigurationIsVisible = 0;
			defaultConfigurationName = Release;
		};
/* End XCConfigurationList section */

/* Begin XCVersionGroup section */
		08541BA5221FE92300786A1B /* LibraryApp_coredata.xcdatamodeld */ = {
			isa = XCVersionGroup;
			children = (
				08541BA6221FE92300786A1B /* LibraryApp_coredata.xcdatamodel */,
			);
			currentVersion = 08541BA6221FE92300786A1B /* LibraryApp_coredata.xcdatamodel */;
			path = LibraryApp_coredata.xcdatamodeld;
			sourceTree = "<group>";
			versionGroupType = wrapper.xcdatamodel;
		};
/* End XCVersionGroup section */
	};
	rootObject = 08541B93221FE92300786A1B /* Project object */;
}
